// !$*UTF8*$!
{
	archiveVersion = 1;
	classes = {
	};
	objectVersion = 46;
	objects = {

/* Begin PBXBuildFile section */
		0E63E1ED1384A3C100F59540 /* Appliance.m in Sources */ = {isa = PBXBuildFile; fileRef = 0E63E1EC1384A3C100F59540 /* Appliance.m */; };
		0E702F461387AFE500A01BBD /* TutorialVC.m in Sources */ = {isa = PBXBuildFile; fileRef = 0E702F441387AFDF00A01BBD /* TutorialVC.m */; };
		0E702F471387AFE500A01BBD /* TutorialVC.xib in Resources */ = {isa = PBXBuildFile; fileRef = 0E702F451387AFE200A01BBD /* TutorialVC.xib */; };
		0E702F4B1387B19B00A01BBD /* CategoryVC.m in Sources */ = {isa = PBXBuildFile; fileRef = 0E702F491387B19200A01BBD /* CategoryVC.m */; };
		0E702F4C1387B19B00A01BBD /* CategoryVC.xib in Resources */ = {isa = PBXBuildFile; fileRef = 0E702F4A1387B19500A01BBD /* CategoryVC.xib */; };
		0E7AD855138528600019C5C2 /* transitIcon.png in Resources */ = {isa = PBXBuildFile; fileRef = 0E7AD84E138528600019C5C2 /* transitIcon.png */; };
		0E7AD856138528600019C5C2 /* electronicsIcon.png in Resources */ = {isa = PBXBuildFile; fileRef = 0E7AD84F138528600019C5C2 /* electronicsIcon.png */; };
		0E7AD857138528600019C5C2 /* kitchenIcon.jpg in Resources */ = {isa = PBXBuildFile; fileRef = 0E7AD850138528600019C5C2 /* kitchenIcon.jpg */; };
		0E7AD858138528600019C5C2 /* hotColdIcon.jpg in Resources */ = {isa = PBXBuildFile; fileRef = 0E7AD851138528600019C5C2 /* hotColdIcon.jpg */; };
		0E7AD859138528600019C5C2 /* lightingIcon.png in Resources */ = {isa = PBXBuildFile; fileRef = 0E7AD852138528600019C5C2 /* lightingIcon.png */; };
		0E7AD85A138528600019C5C2 /* totalIcon.jpg in Resources */ = {isa = PBXBuildFile; fileRef = 0E7AD853138528600019C5C2 /* totalIcon.jpg */; };
		0E7AD85B138528600019C5C2 /* sum icon.jpg in Resources */ = {isa = PBXBuildFile; fileRef = 0E7AD854138528600019C5C2 /* sum icon.jpg */; };
		0EB7DC841384125000A198D7 /* Cocoa.framework in Frameworks */ = {isa = PBXBuildFile; fileRef = 0EB7DC831384125000A198D7 /* Cocoa.framework */; };
		0EB7DC8E1384125000A198D7 /* InfoPlist.strings in Resources */ = {isa = PBXBuildFile; fileRef = 0EB7DC8C1384125000A198D7 /* InfoPlist.strings */; };
		0EB7DC911384125000A198D7 /* main.m in Sources */ = {isa = PBXBuildFile; fileRef = 0EB7DC901384125000A198D7 /* main.m */; };
		0EB7DC941384125000A198D7 /* Credits.rtf in Resources */ = {isa = PBXBuildFile; fileRef = 0EB7DC921384125000A198D7 /* Credits.rtf */; };
		0EB7DC971384125000A198D7 /* SavingGreenAppDelegate.m in Sources */ = {isa = PBXBuildFile; fileRef = 0EB7DC961384125000A198D7 /* SavingGreenAppDelegate.m */; };
		0EB7DC9A1384125100A198D7 /* MainMenu.xib in Resources */ = {isa = PBXBuildFile; fileRef = 0EB7DC981384125100A198D7 /* MainMenu.xib */; };
		0EB7DCA11384125100A198D7 /* Cocoa.framework in Frameworks */ = {isa = PBXBuildFile; fileRef = 0EB7DC831384125000A198D7 /* Cocoa.framework */; };
		0EB7DCA91384125100A198D7 /* InfoPlist.strings in Resources */ = {isa = PBXBuildFile; fileRef = 0EB7DCA71384125100A198D7 /* InfoPlist.strings */; };
		0EB7DCAC1384125100A198D7 /* SavingGreenTests.h in Resources */ = {isa = PBXBuildFile; fileRef = 0EB7DCAB1384125100A198D7 /* SavingGreenTests.h */; };
		0EB7DCAE1384125100A198D7 /* SavingGreenTests.m in Sources */ = {isa = PBXBuildFile; fileRef = 0EB7DCAD1384125100A198D7 /* SavingGreenTests.m */; };
		0EB7DCBA1384148600A198D7 /* HotColdVC.m in Sources */ = {isa = PBXBuildFile; fileRef = 0EB7DCB81384148600A198D7 /* HotColdVC.m */; };
		0EB7DCBB1384148600A198D7 /* HotColdVC.xib in Resources */ = {isa = PBXBuildFile; fileRef = 0EB7DCB91384148600A198D7 /* HotColdVC.xib */; };
		0EB7DCBF1384149A00A198D7 /* KitchenVC.m in Sources */ = {isa = PBXBuildFile; fileRef = 0EB7DCBD1384149900A198D7 /* KitchenVC.m */; };
		0EB7DCC01384149A00A198D7 /* KitchenVC.xib in Resources */ = {isa = PBXBuildFile; fileRef = 0EB7DCBE1384149A00A198D7 /* KitchenVC.xib */; };
		0EB7DCC4138414AB00A198D7 /* LightingVC.m in Sources */ = {isa = PBXBuildFile; fileRef = 0EB7DCC2138414AA00A198D7 /* LightingVC.m */; };
		0EB7DCC5138414AB00A198D7 /* LightingVC.xib in Resources */ = {isa = PBXBuildFile; fileRef = 0EB7DCC3138414AB00A198D7 /* LightingVC.xib */; };
		0EB7DCC9138414CA00A198D7 /* TransitVC.m in Sources */ = {isa = PBXBuildFile; fileRef = 0EB7DCC7138414C900A198D7 /* TransitVC.m */; };
		0EB7DCCA138414CA00A198D7 /* TransitVC.xib in Resources */ = {isa = PBXBuildFile; fileRef = 0EB7DCC8138414C900A198D7 /* TransitVC.xib */; };
		0EB7DCD1138414FE00A198D7 /* ElectronicsVC.m in Sources */ = {isa = PBXBuildFile; fileRef = 0EB7DCCF138414FC00A198D7 /* ElectronicsVC.m */; };
		0EB7DCD2138414FE00A198D7 /* ElectronicsVC.xib in Resources */ = {isa = PBXBuildFile; fileRef = 0EB7DCD0138414FD00A198D7 /* ElectronicsVC.xib */; };
/* End PBXBuildFile section */

/* Begin PBXContainerItemProxy section */
		0EB7DCA21384125100A198D7 /* PBXContainerItemProxy */ = {
			isa = PBXContainerItemProxy;
			containerPortal = 0EB7DC761384124F00A198D7 /* Project object */;
			proxyType = 1;
			remoteGlobalIDString = 0EB7DC7E1384124F00A198D7;
			remoteInfo = SavingGreen;
		};
/* End PBXContainerItemProxy section */

/* Begin PBXFileReference section */
		0E63E1EB1384A3C100F59540 /* Appliance.h */ = {isa = PBXFileReference; fileEncoding = 4; lastKnownFileType = sourcecode.c.h; path = Appliance.h; sourceTree = "<group>"; };
		0E63E1EC1384A3C100F59540 /* Appliance.m */ = {isa = PBXFileReference; fileEncoding = 4; lastKnownFileType = sourcecode.c.objc; path = Appliance.m; sourceTree = "<group>"; };
		0E702F431387AFDC00A01BBD /* TutorialVC.h */ = {isa = PBXFileReference; fileEncoding = 4; lastKnownFileType = sourcecode.c.h; path = TutorialVC.h; sourceTree = "<group>"; };
		0E702F441387AFDF00A01BBD /* TutorialVC.m */ = {isa = PBXFileReference; fileEncoding = 4; lastKnownFileType = sourcecode.c.objc; path = TutorialVC.m; sourceTree = "<group>"; };
		0E702F451387AFE200A01BBD /* TutorialVC.xib */ = {isa = PBXFileReference; fileEncoding = 4; lastKnownFileType = file.xib; path = TutorialVC.xib; sourceTree = "<group>"; };
		0E702F481387B18F00A01BBD /* CategoryVC.h */ = {isa = PBXFileReference; fileEncoding = 4; lastKnownFileType = sourcecode.c.h; path = CategoryVC.h; sourceTree = "<group>"; };
		0E702F491387B19200A01BBD /* CategoryVC.m */ = {isa = PBXFileReference; fileEncoding = 4; lastKnownFileType = sourcecode.c.objc; path = CategoryVC.m; sourceTree = "<group>"; };
		0E702F4A1387B19500A01BBD /* CategoryVC.xib */ = {isa = PBXFileReference; fileEncoding = 4; lastKnownFileType = file.xib; path = CategoryVC.xib; sourceTree = "<group>"; };
		0E7AD84E138528600019C5C2 /* transitIcon.png */ = {isa = PBXFileReference; lastKnownFileType = image.png; path = transitIcon.png; sourceTree = "<group>"; };
		0E7AD84F138528600019C5C2 /* electronicsIcon.png */ = {isa = PBXFileReference; lastKnownFileType = image.png; path = electronicsIcon.png; sourceTree = "<group>"; };
		0E7AD850138528600019C5C2 /* kitchenIcon.jpg */ = {isa = PBXFileReference; lastKnownFileType = image.jpeg; path = kitchenIcon.jpg; sourceTree = "<group>"; };
		0E7AD851138528600019C5C2 /* hotColdIcon.jpg */ = {isa = PBXFileReference; lastKnownFileType = image.jpeg; path = hotColdIcon.jpg; sourceTree = "<group>"; };
		0E7AD852138528600019C5C2 /* lightingIcon.png */ = {isa = PBXFileReference; lastKnownFileType = image.png; path = lightingIcon.png; sourceTree = "<group>"; };
		0E7AD853138528600019C5C2 /* totalIcon.jpg */ = {isa = PBXFileReference; lastKnownFileType = image.jpeg; path = totalIcon.jpg; sourceTree = "<group>"; };
		0E7AD854138528600019C5C2 /* sum icon.jpg */ = {isa = PBXFileReference; lastKnownFileType = image.jpeg; path = "sum icon.jpg"; sourceTree = "<group>"; };
		0EB7DC7F1384125000A198D7 /* SavingGreen.app */ = {isa = PBXFileReference; explicitFileType = wrapper.application; includeInIndex = 0; path = SavingGreen.app; sourceTree = BUILT_PRODUCTS_DIR; };
		0EB7DC831384125000A198D7 /* Cocoa.framework */ = {isa = PBXFileReference; lastKnownFileType = wrapper.framework; name = Cocoa.framework; path = System/Library/Frameworks/Cocoa.framework; sourceTree = SDKROOT; };
		0EB7DC861384125000A198D7 /* AppKit.framework */ = {isa = PBXFileReference; lastKnownFileType = wrapper.framework; name = AppKit.framework; path = System/Library/Frameworks/AppKit.framework; sourceTree = SDKROOT; };
		0EB7DC871384125000A198D7 /* CoreData.framework */ = {isa = PBXFileReference; lastKnownFileType = wrapper.framework; name = CoreData.framework; path = System/Library/Frameworks/CoreData.framework; sourceTree = SDKROOT; };
		0EB7DC881384125000A198D7 /* Foundation.framework */ = {isa = PBXFileReference; lastKnownFileType = wrapper.framework; name = Foundation.framework; path = System/Library/Frameworks/Foundation.framework; sourceTree = SDKROOT; };
		0EB7DC8B1384125000A198D7 /* SavingGreen-Info.plist */ = {isa = PBXFileReference; lastKnownFileType = text.plist.xml; path = "SavingGreen-Info.plist"; sourceTree = "<group>"; };
		0EB7DC8D1384125000A198D7 /* en */ = {isa = PBXFileReference; lastKnownFileType = text.plist.strings; name = en; path = en.lproj/InfoPlist.strings; sourceTree = "<group>"; };
		0EB7DC8F1384125000A198D7 /* SavingGreen-Prefix.pch */ = {isa = PBXFileReference; lastKnownFileType = sourcecode.c.h; path = "SavingGreen-Prefix.pch"; sourceTree = "<group>"; };
		0EB7DC901384125000A198D7 /* main.m */ = {isa = PBXFileReference; lastKnownFileType = sourcecode.c.objc; path = main.m; sourceTree = "<group>"; };
		0EB7DC931384125000A198D7 /* en */ = {isa = PBXFileReference; lastKnownFileType = text.rtf; name = en; path = en.lproj/Credits.rtf; sourceTree = "<group>"; };
		0EB7DC951384125000A198D7 /* SavingGreenAppDelegate.h */ = {isa = PBXFileReference; lastKnownFileType = sourcecode.c.h; path = SavingGreenAppDelegate.h; sourceTree = "<group>"; };
		0EB7DC961384125000A198D7 /* SavingGreenAppDelegate.m */ = {isa = PBXFileReference; lastKnownFileType = sourcecode.c.objc; path = SavingGreenAppDelegate.m; sourceTree = "<group>"; };
		0EB7DC991384125100A198D7 /* en */ = {isa = PBXFileReference; lastKnownFileType = file.xib; name = en; path = en.lproj/MainMenu.xib; sourceTree = "<group>"; };
		0EB7DCA01384125100A198D7 /* SavingGreenTests.octest */ = {isa = PBXFileReference; explicitFileType = wrapper.cfbundle; includeInIndex = 0; path = SavingGreenTests.octest; sourceTree = BUILT_PRODUCTS_DIR; };
		0EB7DCA61384125100A198D7 /* SavingGreenTests-Info.plist */ = {isa = PBXFileReference; lastKnownFileType = text.plist.xml; path = "SavingGreenTests-Info.plist"; sourceTree = "<group>"; };
		0EB7DCA81384125100A198D7 /* en */ = {isa = PBXFileReference; lastKnownFileType = text.plist.strings; name = en; path = en.lproj/InfoPlist.strings; sourceTree = "<group>"; };
		0EB7DCAA1384125100A198D7 /* SavingGreenTests-Prefix.pch */ = {isa = PBXFileReference; lastKnownFileType = sourcecode.c.h; path = "SavingGreenTests-Prefix.pch"; sourceTree = "<group>"; };
		0EB7DCAB1384125100A198D7 /* SavingGreenTests.h */ = {isa = PBXFileReference; lastKnownFileType = sourcecode.c.h; path = SavingGreenTests.h; sourceTree = "<group>"; };
		0EB7DCAD1384125100A198D7 /* SavingGreenTests.m */ = {isa = PBXFileReference; lastKnownFileType = sourcecode.c.objc; path = SavingGreenTests.m; sourceTree = "<group>"; };
		0EB7DCB71384148600A198D7 /* HotColdVC.h */ = {isa = PBXFileReference; fileEncoding = 4; lastKnownFileType = sourcecode.c.h; path = HotColdVC.h; sourceTree = "<group>"; };
		0EB7DCB81384148600A198D7 /* HotColdVC.m */ = {isa = PBXFileReference; fileEncoding = 4; lastKnownFileType = sourcecode.c.objc; path = HotColdVC.m; sourceTree = "<group>"; };
		0EB7DCB91384148600A198D7 /* HotColdVC.xib */ = {isa = PBXFileReference; fileEncoding = 4; lastKnownFileType = file.xib; path = HotColdVC.xib; sourceTree = "<group>"; };
		0EB7DCBC1384149900A198D7 /* KitchenVC.h */ = {isa = PBXFileReference; fileEncoding = 4; lastKnownFileType = sourcecode.c.h; path = KitchenVC.h; sourceTree = "<group>"; };
		0EB7DCBD1384149900A198D7 /* KitchenVC.m */ = {isa = PBXFileReference; fileEncoding = 4; lastKnownFileType = sourcecode.c.objc; path = KitchenVC.m; sourceTree = "<group>"; };
		0EB7DCBE1384149A00A198D7 /* KitchenVC.xib */ = {isa = PBXFileReference; fileEncoding = 4; lastKnownFileType = file.xib; path = KitchenVC.xib; sourceTree = "<group>"; };
		0EB7DCC1138414AA00A198D7 /* LightingVC.h */ = {isa = PBXFileReference; fileEncoding = 4; lastKnownFileType = sourcecode.c.h; path = LightingVC.h; sourceTree = "<group>"; };
		0EB7DCC2138414AA00A198D7 /* LightingVC.m */ = {isa = PBXFileReference; fileEncoding = 4; lastKnownFileType = sourcecode.c.objc; path = LightingVC.m; sourceTree = "<group>"; };
		0EB7DCC3138414AB00A198D7 /* LightingVC.xib */ = {isa = PBXFileReference; fileEncoding = 4; lastKnownFileType = file.xib; path = LightingVC.xib; sourceTree = "<group>"; };
		0EB7DCC6138414C900A198D7 /* TransitVC.h */ = {isa = PBXFileReference; fileEncoding = 4; lastKnownFileType = sourcecode.c.h; path = TransitVC.h; sourceTree = "<group>"; };
		0EB7DCC7138414C900A198D7 /* TransitVC.m */ = {isa = PBXFileReference; fileEncoding = 4; lastKnownFileType = sourcecode.c.objc; path = TransitVC.m; sourceTree = "<group>"; };
		0EB7DCC8138414C900A198D7 /* TransitVC.xib */ = {isa = PBXFileReference; fileEncoding = 4; lastKnownFileType = file.xib; path = TransitVC.xib; sourceTree = "<group>"; };
		0EB7DCCE138414FC00A198D7 /* ElectronicsVC.h */ = {isa = PBXFileReference; fileEncoding = 4; lastKnownFileType = sourcecode.c.h; path = ElectronicsVC.h; sourceTree = "<group>"; };
		0EB7DCCF138414FC00A198D7 /* ElectronicsVC.m */ = {isa = PBXFileReference; fileEncoding = 4; lastKnownFileType = sourcecode.c.objc; path = ElectronicsVC.m; sourceTree = "<group>"; };
		0EB7DCD0138414FD00A198D7 /* ElectronicsVC.xib */ = {isa = PBXFileReference; fileEncoding = 4; lastKnownFileType = file.xib; path = ElectronicsVC.xib; sourceTree = "<group>"; };
/* End PBXFileReference section */

/* Begin PBXFrameworksBuildPhase section */
		0EB7DC7C1384124F00A198D7 /* Frameworks */ = {
			isa = PBXFrameworksBuildPhase;
			buildActionMask = 2147483647;
			files = (
				0EB7DC841384125000A198D7 /* Cocoa.framework in Frameworks */,
			);
			runOnlyForDeploymentPostprocessing = 0;
		};
		0EB7DC9C1384125100A198D7 /* Frameworks */ = {
			isa = PBXFrameworksBuildPhase;
			buildActionMask = 2147483647;
			files = (
				0EB7DCA11384125100A198D7 /* Cocoa.framework in Frameworks */,
			);
			runOnlyForDeploymentPostprocessing = 0;
		};
/* End PBXFrameworksBuildPhase section */

/* Begin PBXGroup section */
		0E7AD84D138528600019C5C2 /* Icons */ = {
			isa = PBXGroup;
			children = (
				0E7AD84E138528600019C5C2 /* transitIcon.png */,
				0E7AD84F138528600019C5C2 /* electronicsIcon.png */,
				0E7AD850138528600019C5C2 /* kitchenIcon.jpg */,
				0E7AD851138528600019C5C2 /* hotColdIcon.jpg */,
				0E7AD852138528600019C5C2 /* lightingIcon.png */,
				0E7AD853138528600019C5C2 /* totalIcon.jpg */,
				0E7AD854138528600019C5C2 /* sum icon.jpg */,
			);
			path = Icons;
			sourceTree = "<group>";
		};
		0EB2B9901387B43E00F743BC /* CategoryVCs */ = {
			isa = PBXGroup;
			children = (
				0E702F431387AFDC00A01BBD /* TutorialVC.h */,
				0E702F441387AFDF00A01BBD /* TutorialVC.m */,
				0E702F451387AFE200A01BBD /* TutorialVC.xib */,
				0EB7DCB71384148600A198D7 /* HotColdVC.h */,
				0EB7DCB81384148600A198D7 /* HotColdVC.m */,
				0EB7DCB91384148600A198D7 /* HotColdVC.xib */,
				0EB7DCBC1384149900A198D7 /* KitchenVC.h */,
				0EB7DCBD1384149900A198D7 /* KitchenVC.m */,
				0EB7DCBE1384149A00A198D7 /* KitchenVC.xib */,
				0EB7DCCE138414FC00A198D7 /* ElectronicsVC.h */,
				0EB7DCCF138414FC00A198D7 /* ElectronicsVC.m */,
				0EB7DCD0138414FD00A198D7 /* ElectronicsVC.xib */,
				0EB7DCC1138414AA00A198D7 /* LightingVC.h */,
				0EB7DCC2138414AA00A198D7 /* LightingVC.m */,
				0EB7DCC3138414AB00A198D7 /* LightingVC.xib */,
				0EB7DCC6138414C900A198D7 /* TransitVC.h */,
				0EB7DCC7138414C900A198D7 /* TransitVC.m */,
				0EB7DCC8138414C900A198D7 /* TransitVC.xib */,
			);
			name = CategoryVCs;
			sourceTree = "<group>";
		};
		0EB2B9921387B44D00F743BC /* Appliances */ = {
			isa = PBXGroup;
			children = (
			);
			name = Appliances;
			sourceTree = "<group>";
		};
		0EB7DC741384124F00A198D7 = {
			isa = PBXGroup;
			children = (
				0EB7DC891384125000A198D7 /* SavingGreen */,
				0EB7DCA41384125100A198D7 /* SavingGreenTests */,
				0EB7DC821384125000A198D7 /* Frameworks */,
				0EB7DC801384125000A198D7 /* Products */,
			);
			sourceTree = "<group>";
		};
		0EB7DC801384125000A198D7 /* Products */ = {
			isa = PBXGroup;
			children = (
				0EB7DC7F1384125000A198D7 /* SavingGreen.app */,
				0EB7DCA01384125100A198D7 /* SavingGreenTests.octest */,
			);
			name = Products;
			sourceTree = "<group>";
		};
		0EB7DC821384125000A198D7 /* Frameworks */ = {
			isa = PBXGroup;
			children = (
				0EB7DC831384125000A198D7 /* Cocoa.framework */,
				0EB7DC851384125000A198D7 /* Other Frameworks */,
			);
			name = Frameworks;
			sourceTree = "<group>";
		};
		0EB7DC851384125000A198D7 /* Other Frameworks */ = {
			isa = PBXGroup;
			children = (
				0EB7DC861384125000A198D7 /* AppKit.framework */,
				0EB7DC871384125000A198D7 /* CoreData.framework */,
				0EB7DC881384125000A198D7 /* Foundation.framework */,
			);
			name = "Other Frameworks";
			sourceTree = "<group>";
		};
		0EB7DC891384125000A198D7 /* SavingGreen */ = {
			isa = PBXGroup;
			children = (
				0EB7DC951384125000A198D7 /* SavingGreenAppDelegate.h */,
				0EB7DC961384125000A198D7 /* SavingGreenAppDelegate.m */,
				0E702F481387B18F00A01BBD /* CategoryVC.h */,
				0E702F491387B19200A01BBD /* CategoryVC.m */,
				0E702F4A1387B19500A01BBD /* CategoryVC.xib */,
				0E63E1EB1384A3C100F59540 /* Appliance.h */,
				0E63E1EC1384A3C100F59540 /* Appliance.m */,
				0EB2B9921387B44D00F743BC /* Appliances */,
				0EB2B9901387B43E00F743BC /* CategoryVCs */,
				0EB7DC981384125100A198D7 /* MainMenu.xib */,
				0EB7DC8A1384125000A198D7 /* Supporting Files */,
			);
			path = SavingGreen;
			sourceTree = "<group>";
		};
		0EB7DC8A1384125000A198D7 /* Supporting Files */ = {
			isa = PBXGroup;
			children = (
				0E7AD84D138528600019C5C2 /* Icons */,
				0EB7DC8B1384125000A198D7 /* SavingGreen-Info.plist */,
				0EB7DC8C1384125000A198D7 /* InfoPlist.strings */,
				0EB7DC8F1384125000A198D7 /* SavingGreen-Prefix.pch */,
				0EB7DC901384125000A198D7 /* main.m */,
				0EB7DC921384125000A198D7 /* Credits.rtf */,
			);
			name = "Supporting Files";
			sourceTree = "<group>";
		};
		0EB7DCA41384125100A198D7 /* SavingGreenTests */ = {
			isa = PBXGroup;
			children = (
				0EB7DCAB1384125100A198D7 /* SavingGreenTests.h */,
				0EB7DCAD1384125100A198D7 /* SavingGreenTests.m */,
				0EB7DCA51384125100A198D7 /* Supporting Files */,
			);
			path = SavingGreenTests;
			sourceTree = "<group>";
		};
		0EB7DCA51384125100A198D7 /* Supporting Files */ = {
			isa = PBXGroup;
			children = (
				0EB7DCA61384125100A198D7 /* SavingGreenTests-Info.plist */,
				0EB7DCA71384125100A198D7 /* InfoPlist.strings */,
				0EB7DCAA1384125100A198D7 /* SavingGreenTests-Prefix.pch */,
			);
			name = "Supporting Files";
			sourceTree = "<group>";
		};
/* End PBXGroup section */

/* Begin PBXNativeTarget section */
		0EB7DC7E1384124F00A198D7 /* SavingGreen */ = {
			isa = PBXNativeTarget;
			buildConfigurationList = 0EB7DCB11384125100A198D7 /* Build configuration list for PBXNativeTarget "SavingGreen" */;
			buildPhases = (
				0EB7DC7B1384124F00A198D7 /* Sources */,
				0EB7DC7C1384124F00A198D7 /* Frameworks */,
				0EB7DC7D1384124F00A198D7 /* Resources */,
			);
			buildRules = (
			);
			dependencies = (
			);
			name = SavingGreen;
			productName = SavingGreen;
			productReference = 0EB7DC7F1384125000A198D7 /* SavingGreen.app */;
			productType = "com.apple.product-type.application";
		};
		0EB7DC9F1384125100A198D7 /* SavingGreenTests */ = {
			isa = PBXNativeTarget;
			buildConfigurationList = 0EB7DCB41384125100A198D7 /* Build configuration list for PBXNativeTarget "SavingGreenTests" */;
			buildPhases = (
				0EB7DC9B1384125100A198D7 /* Sources */,
				0EB7DC9C1384125100A198D7 /* Frameworks */,
				0EB7DC9D1384125100A198D7 /* Resources */,
				0EB7DC9E1384125100A198D7 /* ShellScript */,
			);
			buildRules = (
			);
			dependencies = (
				0EB7DCA31384125100A198D7 /* PBXTargetDependency */,
			);
			name = SavingGreenTests;
			productName = SavingGreenTests;
			productReference = 0EB7DCA01384125100A198D7 /* SavingGreenTests.octest */;
			productType = "com.apple.product-type.bundle";
		};
/* End PBXNativeTarget section */

/* Begin PBXProject section */
		0EB7DC761384124F00A198D7 /* Project object */ = {
			isa = PBXProject;
			buildConfigurationList = 0EB7DC791384124F00A198D7 /* Build configuration list for PBXProject "SavingGreen" */;
			compatibilityVersion = "Xcode 3.2";
			developmentRegion = English;
			hasScannedForEncodings = 0;
			knownRegions = (
				en,
			);
			mainGroup = 0EB7DC741384124F00A198D7;
			productRefGroup = 0EB7DC801384125000A198D7 /* Products */;
			projectDirPath = "";
			projectRoot = "";
			targets = (
				0EB7DC7E1384124F00A198D7 /* SavingGreen */,
				0EB7DC9F1384125100A198D7 /* SavingGreenTests */,
			);
		};
/* End PBXProject section */

/* Begin PBXResourcesBuildPhase section */
		0EB7DC7D1384124F00A198D7 /* Resources */ = {
			isa = PBXResourcesBuildPhase;
			buildActionMask = 2147483647;
			files = (
				0EB7DC8E1384125000A198D7 /* InfoPlist.strings in Resources */,
				0EB7DC941384125000A198D7 /* Credits.rtf in Resources */,
				0EB7DC9A1384125100A198D7 /* MainMenu.xib in Resources */,
				0EB7DCBB1384148600A198D7 /* HotColdVC.xib in Resources */,
				0EB7DCC01384149A00A198D7 /* KitchenVC.xib in Resources */,
				0EB7DCC5138414AB00A198D7 /* LightingVC.xib in Resources */,
				0EB7DCCA138414CA00A198D7 /* TransitVC.xib in Resources */,
				0EB7DCD2138414FE00A198D7 /* ElectronicsVC.xib in Resources */,
				0E7AD855138528600019C5C2 /* transitIcon.png in Resources */,
				0E7AD856138528600019C5C2 /* electronicsIcon.png in Resources */,
				0E7AD857138528600019C5C2 /* kitchenIcon.jpg in Resources */,
				0E7AD858138528600019C5C2 /* hotColdIcon.jpg in Resources */,
				0E7AD859138528600019C5C2 /* lightingIcon.png in Resources */,
				0E7AD85A138528600019C5C2 /* totalIcon.jpg in Resources */,
				0E7AD85B138528600019C5C2 /* sum icon.jpg in Resources */,
				0E702F471387AFE500A01BBD /* TutorialVC.xib in Resources */,
				0E702F4C1387B19B00A01BBD /* CategoryVC.xib in Resources */,
			);
			runOnlyForDeploymentPostprocessing = 0;
		};
		0EB7DC9D1384125100A198D7 /* Resources */ = {
			isa = PBXResourcesBuildPhase;
			buildActionMask = 2147483647;
			files = (
				0EB7DCA91384125100A198D7 /* InfoPlist.strings in Resources */,
				0EB7DCAC1384125100A198D7 /* SavingGreenTests.h in Resources */,
			);
			runOnlyForDeploymentPostprocessing = 0;
		};
/* End PBXResourcesBuildPhase section */

/* Begin PBXShellScriptBuildPhase section */
		0EB7DC9E1384125100A198D7 /* ShellScript */ = {
			isa = PBXShellScriptBuildPhase;
			buildActionMask = 2147483647;
			files = (
			);
			inputPaths = (
			);
			outputPaths = (
			);
			runOnlyForDeploymentPostprocessing = 0;
			shellPath = /bin/sh;
			shellScript = "# Run the unit tests in this test bundle.\n\"${SYSTEM_DEVELOPER_DIR}/Tools/RunUnitTests\"\n";
		};
/* End PBXShellScriptBuildPhase section */

/* Begin PBXSourcesBuildPhase section */
		0EB7DC7B1384124F00A198D7 /* Sources */ = {
			isa = PBXSourcesBuildPhase;
			buildActionMask = 2147483647;
			files = (
				0EB7DC911384125000A198D7 /* main.m in Sources */,
				0EB7DC971384125000A198D7 /* SavingGreenAppDelegate.m in Sources */,
				0EB7DCBA1384148600A198D7 /* HotColdVC.m in Sources */,
				0EB7DCBF1384149A00A198D7 /* KitchenVC.m in Sources */,
				0EB7DCC4138414AB00A198D7 /* LightingVC.m in Sources */,
				0EB7DCC9138414CA00A198D7 /* TransitVC.m in Sources */,
				0EB7DCD1138414FE00A198D7 /* ElectronicsVC.m in Sources */,
				0E63E1ED1384A3C100F59540 /* Appliance.m in Sources */,
				0E702F461387AFE500A01BBD /* TutorialVC.m in Sources */,
				0E702F4B1387B19B00A01BBD /* CategoryVC.m in Sources */,
			);
			runOnlyForDeploymentPostprocessing = 0;
		};
		0EB7DC9B1384125100A198D7 /* Sources */ = {
			isa = PBXSourcesBuildPhase;
			buildActionMask = 2147483647;
			files = (
				0EB7DCAE1384125100A198D7 /* SavingGreenTests.m in Sources */,
			);
			runOnlyForDeploymentPostprocessing = 0;
		};
/* End PBXSourcesBuildPhase section */

/* Begin PBXTargetDependency section */
		0EB7DCA31384125100A198D7 /* PBXTargetDependency */ = {
			isa = PBXTargetDependency;
			target = 0EB7DC7E1384124F00A198D7 /* SavingGreen */;
			targetProxy = 0EB7DCA21384125100A198D7 /* PBXContainerItemProxy */;
		};
/* End PBXTargetDependency section */

/* Begin PBXVariantGroup section */
		0EB7DC8C1384125000A198D7 /* InfoPlist.strings */ = {
			isa = PBXVariantGroup;
			children = (
				0EB7DC8D1384125000A198D7 /* en */,
			);
			name = InfoPlist.strings;
			sourceTree = "<group>";
		};
		0EB7DC921384125000A198D7 /* Credits.rtf */ = {
			isa = PBXVariantGroup;
			children = (
				0EB7DC931384125000A198D7 /* en */,
			);
			name = Credits.rtf;
			sourceTree = "<group>";
		};
		0EB7DC981384125100A198D7 /* MainMenu.xib */ = {
			isa = PBXVariantGroup;
			children = (
				0EB7DC991384125100A198D7 /* en */,
			);
			name = MainMenu.xib;
			sourceTree = "<group>";
		};
		0EB7DCA71384125100A198D7 /* InfoPlist.strings */ = {
			isa = PBXVariantGroup;
			children = (
				0EB7DCA81384125100A198D7 /* en */,
			);
			name = InfoPlist.strings;
			sourceTree = "<group>";
		};
/* End PBXVariantGroup section */

/* Begin XCBuildConfiguration section */
		0EB7DCAF1384125100A198D7 /* Debug */ = {
			isa = XCBuildConfiguration;
			buildSettings = {
				ARCHS = "$(ARCHS_STANDARD_32_64_BIT)";
				GCC_C_LANGUAGE_STANDARD = gnu99;
				GCC_OPTIMIZATION_LEVEL = 0;
				GCC_PREPROCESSOR_DEFINITIONS = DEBUG;
				GCC_SYMBOLS_PRIVATE_EXTERN = NO;
				GCC_VERSION = com.apple.compilers.llvm.clang.1_0;
				GCC_WARN_64_TO_32_BIT_CONVERSION = YES;
				GCC_WARN_ABOUT_RETURN_TYPE = YES;
				GCC_WARN_UNUSED_VARIABLE = YES;
				MACOSX_DEPLOYMENT_TARGET = 10.6;
				ONLY_ACTIVE_ARCH = YES;
				SDKROOT = macosx;
			};
			name = Debug;
		};
		0EB7DCB01384125100A198D7 /* Release */ = {
			isa = XCBuildConfiguration;
			buildSettings = {
				ARCHS = "$(ARCHS_STANDARD_32_64_BIT)";
				GCC_C_LANGUAGE_STANDARD = gnu99;
				GCC_VERSION = com.apple.compilers.llvm.clang.1_0;
				GCC_WARN_64_TO_32_BIT_CONVERSION = YES;
				GCC_WARN_ABOUT_RETURN_TYPE = YES;
				GCC_WARN_UNUSED_VARIABLE = YES;
				MACOSX_DEPLOYMENT_TARGET = 10.6;
				SDKROOT = macosx;
			};
			name = Release;
		};
		0EB7DCB21384125100A198D7 /* Debug */ = {
			isa = XCBuildConfiguration;
			buildSettings = {
				ALWAYS_SEARCH_USER_PATHS = NO;
				COPY_PHASE_STRIP = NO;
				GCC_DYNAMIC_NO_PIC = NO;
				GCC_ENABLE_OBJC_EXCEPTIONS = YES;
				GCC_PRECOMPILE_PREFIX_HEADER = YES;
				GCC_PREFIX_HEADER = "SavingGreen/SavingGreen-Prefix.pch";
				INFOPLIST_FILE = "SavingGreen/SavingGreen-Info.plist";
				PRODUCT_NAME = "$(TARGET_NAME)";
				WRAPPER_EXTENSION = app;
			};
			name = Debug;
		};
		0EB7DCB31384125100A198D7 /* Release */ = {
			isa = XCBuildConfiguration;
			buildSettings = {
				ALWAYS_SEARCH_USER_PATHS = NO;
				COPY_PHASE_STRIP = YES;
				DEBUG_INFORMATION_FORMAT = "dwarf-with-dsym";
				GCC_ENABLE_OBJC_EXCEPTIONS = YES;
				GCC_PRECOMPILE_PREFIX_HEADER = YES;
				GCC_PREFIX_HEADER = "SavingGreen/SavingGreen-Prefix.pch";
				INFOPLIST_FILE = "SavingGreen/SavingGreen-Info.plist";
				PRODUCT_NAME = "$(TARGET_NAME)";
				WRAPPER_EXTENSION = app;
			};
			name = Release;
		};
		0EB7DCB51384125100A198D7 /* Debug */ = {
			isa = XCBuildConfiguration;
			buildSettings = {
				ALWAYS_SEARCH_USER_PATHS = NO;
				BUNDLE_LOADER = "$(BUILT_PRODUCTS_DIR)/SavingGreen.app/Contents/MacOS/SavingGreen";
				COPY_PHASE_STRIP = NO;
				FRAMEWORK_SEARCH_PATHS = "$(DEVELOPER_LIBRARY_DIR)/Frameworks";
				GCC_DYNAMIC_NO_PIC = NO;
				GCC_ENABLE_OBJC_EXCEPTIONS = YES;
				GCC_PRECOMPILE_PREFIX_HEADER = YES;
				GCC_PREFIX_HEADER = "SavingGreenTests/SavingGreenTests-Prefix.pch";
				INFOPLIST_FILE = "SavingGreenTests/SavingGreenTests-Info.plist";
				OTHER_LDFLAGS = (
					"-framework",
					SenTestingKit,
				);
				PRODUCT_NAME = "$(TARGET_NAME)";
				TEST_HOST = "$(BUNDLE_LOADER)";
				WRAPPER_EXTENSION = octest;
			};
			name = Debug;
		};
		0EB7DCB61384125100A198D7 /* Release */ = {
			isa = XCBuildConfiguration;
			buildSettings = {
				ALWAYS_SEARCH_USER_PATHS = NO;
				BUNDLE_LOADER = "$(BUILT_PRODUCTS_DIR)/SavingGreen.app/Contents/MacOS/SavingGreen";
				COPY_PHASE_STRIP = YES;
				DEBUG_INFORMATION_FORMAT = "dwarf-with-dsym";
				FRAMEWORK_SEARCH_PATHS = "$(DEVELOPER_LIBRARY_DIR)/Frameworks";
				GCC_ENABLE_OBJC_EXCEPTIONS = YES;
				GCC_PRECOMPILE_PREFIX_HEADER = YES;
				GCC_PREFIX_HEADER = "SavingGreenTests/SavingGreenTests-Prefix.pch";
				INFOPLIST_FILE = "SavingGreenTests/SavingGreenTests-Info.plist";
				OTHER_LDFLAGS = (
					"-framework",
					SenTestingKit,
				);
				PRODUCT_NAME = "$(TARGET_NAME)";
				TEST_HOST = "$(BUNDLE_LOADER)";
				WRAPPER_EXTENSION = octest;
			};
			name = Release;
		};
/* End XCBuildConfiguration section */

/* Begin XCConfigurationList section */
		0EB7DC791384124F00A198D7 /* Build configuration list for PBXProject "SavingGreen" */ = {
			isa = XCConfigurationList;
			buildConfigurations = (
				0EB7DCAF1384125100A198D7 /* Debug */,
				0EB7DCB01384125100A198D7 /* Release */,
			);
			defaultConfigurationIsVisible = 0;
			defaultConfigurationName = Release;
		};
		0EB7DCB11384125100A198D7 /* Build configuration list for PBXNativeTarget "SavingGreen" */ = {
			isa = XCConfigurationList;
			buildConfigurations = (
				0EB7DCB21384125100A198D7 /* Debug */,
				0EB7DCB31384125100A198D7 /* Release */,
			);
			defaultConfigurationIsVisible = 0;
			defaultConfigurationName = Release;
		};
		0EB7DCB41384125100A198D7 /* Build configuration list for PBXNativeTarget "SavingGreenTests" */ = {
			isa = XCConfigurationList;
			buildConfigurations = (
				0EB7DCB51384125100A198D7 /* Debug */,
				0EB7DCB61384125100A198D7 /* Release */,
			);
			defaultConfigurationIsVisible = 0;
			defaultConfigurationName = Release;
		};
/* End XCConfigurationList section */
	};
	rootObject = 0EB7DC761384124F00A198D7 /* Project object */;
}
